
Microsoft Visual Studio Solution File, Format Version 12.00
# Visual Studio Version 17
VisualStudioVersion = 17.2.32516.85
MinimumVisualStudioVersion = 10.0.40219.1
Project("{8BC9CEB8-8B4A-11D0-8D11-00A0C91BC942}") = "Lesson_in_new_3_preprocessor", "Lesson_in_new_3_preprocessor\Lesson_in_new_3_preprocessor.vcxproj", "{9A492C37-4D3A-4E74-86FE-5CD1DC88BEF3}"
EndProject
Project("{8BC9CEB8-8B4A-11D0-8D11-00A0C91BC942}") = "Lesson_in_new_3_peregruzka", "Lesson_in_new_3_peregruzka\Lesson_in_new_3_peregruzka.vcxproj", "{75B3171F-1810-465F-9176-4D19C11FF8CA}"
EndProject
Global
	GlobalSection(SolutionConfigurationPlatforms) = preSolution
		Debug|x64 = Debug|x64
		Debug|x86 = Debug|x86
		Release|x64 = Release|x64
		Release|x86 = Release|x86
	EndGlobalSection
	GlobalSection(ProjectConfigurationPlatforms) = postSolution
		{9A492C37-4D3A-4E74-86FE-5CD1DC88BEF3}.Debug|x64.ActiveCfg = Debug|x64
		{9A492C37-4D3A-4E74-86FE-5CD1DC88BEF3}.Debug|x64.Build.0 = Debug|x64
		{9A492C37-4D3A-4E74-86FE-5CD1DC88BEF3}.Debug|x86.ActiveCfg = Debug|Win32
		{9A492C37-4D3A-4E74-86FE-5CD1DC88BEF3}.Debug|x86.Build.0 = Debug|Win32
		{9A492C37-4D3A-4E74-86FE-5CD1DC88BEF3}.Release|x64.ActiveCfg = Release|x64
		{9A492C37-4D3A-4E74-86FE-5CD1DC88BEF3}.Release|x64.Build.0 = Release|x64
		{9A492C37-4D3A-4E74-86FE-5CD1DC88BEF3}.Release|x86.ActiveCfg = Release|Win32
		{9A492C37-4D3A-4E74-86FE-5CD1DC88BEF3}.Release|x86.Build.0 = Release|Win32
		{75B3171F-1810-465F-9176-4D19C11FF8CA}.Debug|x64.ActiveCfg = Debug|x64
		{75B3171F-1810-465F-9176-4D19C11FF8CA}.Debug|x64.Build.0 = Debug|x64
		{75B3171F-1810-465F-9176-4D19C11FF8CA}.Debug|x86.ActiveCfg = Debug|Win32
		{75B3171F-1810-465F-9176-4D19C11FF8CA}.Debug|x86.Build.0 = Debug|Win32
		{75B3171F-1810-465F-9176-4D19C11FF8CA}.Release|x64.ActiveCfg = Release|x64
		{75B3171F-1810-465F-9176-4D19C11FF8CA}.Release|x64.Build.0 = Release|x64
		{75B3171F-1810-465F-9176-4D19C11FF8CA}.Release|x86.ActiveCfg = Release|Win32
		{75B3171F-1810-465F-9176-4D19C11FF8CA}.Release|x86.Build.0 = Release|Win32
	EndGlobalSection
	GlobalSection(SolutionProperties) = preSolution
		HideSolutionNode = FALSE
	EndGlobalSection
	GlobalSection(ExtensibilityGlobals) = postSolution
		SolutionGuid = {0FA09CE7-DB21-4877-8AF6-245506508AAE}
	EndGlobalSection
EndGlobal
